# @generated by Move, please check-in and do not edit manually.

[move]
version = 3
manifest_digest = "BC66D1CA9608B1A1DA68B1E78FC9F4D291D4071B460049842B411B239EA9FF62"
deps_digest = "F8BBB0CCB2491CA29A3DF03D6F92277A4F3574266507ACD77214D37ECA3F3082"

dependencies = [
  { id = "Sui", name = "Sui" },
]

[[move.package]]
id = "MoveStdlib"
source = { git = "https://github.com/MystenLabs/sui.git", rev = "framework/mainnet", subdir = "crates/sui-framework/packages/move-stdlib" }

[[move.package]]
id = "Sui"
source = { git = "https://github.com/MystenLabs/sui.git", rev = "framework/mainnet", subdir = "crates/sui-framework/packages/sui-framework" }

dependencies = [
  { id = "MoveStdlib", name = "MoveStdlib" },
]

[move.toolchain-version]
compiler-version = "1.43.1"
edition = "2024"
flavor = "sui"

[env]

[env.localnet]
chain-id = "1e683d24"
original-published-id = "0x89e44b8597809526f13d3c8ac16ff6f8bbd7706558e77b1d2adba116a1918453"
latest-published-id = "0x89e44b8597809526f13d3c8ac16ff6f8bbd7706558e77b1d2adba116a1918453"
published-version = "1"
