# @generated by Move, please check-in and do not edit manually.

[move]
version = 3
manifest_digest = "B808BE9AC4F3DFC70C6D0291E3AA369E421F20E8CC32EC44DF1B03311337419A"
deps_digest = "F8BBB0CCB2491CA29A3DF03D6F92277A4F3574266507ACD77214D37ECA3F3082"

dependencies = [
  { id = "Sui", name = "Sui" },
]

[[move.package]]
id = "MoveStdlib"
source = { git = "https://github.com/MystenLabs/sui.git", rev = "framework/mainnet", subdir = "crates/sui-framework/packages/move-stdlib" }

[[move.package]]
id = "Sui"
source = { git = "https://github.com/MystenLabs/sui.git", rev = "framework/mainnet", subdir = "crates/sui-framework/packages/sui-framework" }

dependencies = [
  { id = "MoveStdlib", name = "MoveStdlib" },
]

[move.toolchain-version]
compiler-version = "1.43.1"
edition = "2024"
flavor = "sui"

[env]

[env.localnet]
chain-id = "3443387d"
original-published-id = "0xce51c74a08f7c6f3b4823a3cf619f526d89eb42f5f8c86b8845cc6feda407472"
latest-published-id = "0xce51c74a08f7c6f3b4823a3cf619f526d89eb42f5f8c86b8845cc6feda407472"
published-version = "1"
